
Microsoft Visual Studio Solution File, Format Version 12.00
# Visual Studio Version 17
VisualStudioVersion = 17.8.34309.116
MinimumVisualStudioVersion = 10.0.40219.1
Project("{9A19103F-16F7-4668-BE54-9A1E7A4F7556}") = "BlazorMovie", "BlazorMovie.csproj", "{B757F542-4F39-455D-B2A1-15898EA5D7EF}"
EndProject
Global
	GlobalSection(SolutionConfigurationPlatforms) = preSolution
		Debug|Any CPU = Debug|Any CPU
		Release|Any CPU = Release|Any CPU
	EndGlobalSection
	GlobalSection(ProjectConfigurationPlatforms) = postSolution
		{B757F542-4F39-455D-B2A1-15898EA5D7EF}.Debug|Any CPU.ActiveCfg = Debug|Any CPU
		{B757F542-4F39-455D-B2A1-15898EA5D7EF}.Debug|Any CPU.Build.0 = Debug|Any CPU
		{B757F542-4F39-455D-B2A1-15898EA5D7EF}.Release|Any CPU.ActiveCfg = Release|Any CPU
		{B757F542-4F39-455D-B2A1-15898EA5D7EF}.Release|Any CPU.Build.0 = Release|Any CPU
	EndGlobalSection
	GlobalSection(SolutionProperties) = preSolution
		HideSolutionNode = FALSE
	EndGlobalSection
	GlobalSection(ExtensibilityGlobals) = postSolution
		SolutionGuid = {A8667760-B84D-4A84-966D-7122AEB973EB}
	EndGlobalSection
EndGlobal
